{"format_version":"1.0","provider_schemas":{"registry.terraform.io/clickhouse/clickhousedbops":{"provider":{"version":0,"block":{"attributes":{"auth_config":{"nested_type":{"attributes":{"password":{"type":"string","description":"The password to use to authenticate to ClickHouse","description_kind":"plain","optional":true},"strategy":{"type":"string","description":"The authentication method to use","description_kind":"plain","required":true},"username":{"type":"string","description":"The username to use to authenticate to ClickHouse","description_kind":"plain","required":true}},"nesting_mode":"single"},"description":"Authentication configuration","description_kind":"plain","required":true},"host":{"type":"string","description":"The hostname to use to connect to the clickhouse instance","description_kind":"plain","required":true},"port":{"type":"number","description":"The port to use to connect to the clickhouse instance","description_kind":"plain","required":true},"protocol":{"type":"string","description":"The protocol to use to connect to clickhouse instance. Valid options are: native, nativesecure, http, https","description_kind":"plain","required":true},"tls_config":{"nested_type":{"attributes":{"insecure_skip_verify":{"type":"bool","description":"Skip TLS cert verification when using the https protocol. This is insecure!","description_kind":"plain","optional":true}},"nesting_mode":"single"},"description":"TLS configuration options","description_kind":"plain","optional":true}},"description_kind":"plain"}},"resource_schemas":{"clickhousedbops_database":{"version":0,"block":{"attributes":{"cluster_name":{"type":"string","description":"Name of the cluster to create the database into. If omitted, the database will be created on the replica hit by the query.\nThis field must be left null when using a ClickHouse Cloud cluster.\nShould be set when hitting a cluster with more than one replica.","description_kind":"plain","optional":true},"comment":{"type":"string","description":"Comment associated with the database","description_kind":"plain","optional":true},"name":{"type":"string","description":"Name of the database","description_kind":"plain","required":true},"uuid":{"type":"string","description":"The system-assigned UUID for the database","description_kind":"plain","computed":true}},"description":"Use the *clickhousedbops_database* resource to create a database in a ClickHouse instance.\n\nKnown limitations:\n\n- Changing the comment on a `database` resource is unsupported and will cause the database to be destroyed and recreated. WARNING: you will lose any content of the database if you do so!\n\n","description_kind":"markdown"}},"clickhousedbops_grant_privilege":{"version":0,"block":{"attributes":{"cluster_name":{"type":"string","description":"Name of the cluster to create the resource into. If omitted, resource will be created on the replica hit by the query.\nThis field must be left null when using a ClickHouse Cloud cluster.\nWhen using a self hosted ClickHouse instance, this field should only be set when there is more than one replica and you are not using 'replicated' storage for user_directory.\n","description_kind":"plain","optional":true},"column_name":{"type":"string","description":"The name of the column in `table_name` to grant privilege on.","description_kind":"plain","optional":true},"database_name":{"type":"string","description":"The name of the database to grant privilege on. Defaults to all databases if left null","description_kind":"plain","optional":true},"grant_option":{"type":"bool","description":"If true, the grantee will be able to grant the same privileges to others.","description_kind":"plain","optional":true,"computed":true},"grantee_role_name":{"type":"string","description":"Name of the `role` to grant privileges to.","description_kind":"plain","optional":true},"grantee_user_name":{"type":"string","description":"Name of the `user` to grant privileges to.","description_kind":"plain","optional":true},"privilege_name":{"type":"string","description":"The privilege to grant, such as `CREATE DATABASE`, `SELECT`, etc. See https://clickhouse.com/docs/en/sql-reference/statements/grant#privileges.","description_kind":"plain","required":true},"table_name":{"type":"string","description":"The name of the table to grant privilege on.","description_kind":"plain","optional":true}},"description":"You can use the `clickhousedbops_grant_privilege` resource to grant privileges on databases and tables to either a `clickhousedbops_user` or a `clickhousedbops_role`.\n\nPlease note that in order to grant privileges to all database and/or all tables, the `database` and/or `table` fields must be set to null, and not to \"*\".\n\nKnown limitations:\n\n- Only a subset of privileges can be granted on ClickHouse cloud. For example the `ALL` privilege can't be granted. See https://clickhouse.com/docs/en/sql-reference/statements/grant#all\n- It's not possible to grant privileges using their alias name. The canonical name must be used.\n- It's not possible to grant group of privileges. Please grant each member of the group individually instead.\n- It's not possible to grant the same `clickhousedbops_grant_privilege` to both a `clickhousedbops_user` and a `clickhousedbops_role` using a single `clickhousedbops_grant_privilege` stanza. You can do that using two different stanzas, one with `grantee_user_name` and the other with `grantee_role_name` fields set.\n- It's not possible to grant the same privilege (example 'SELECT') to multiple entities (for example tables) with a single stanza. You can do that my creating one stanza for each entity you want to grant privileges on.\n- Importing `clickhousedbops_grant_privilege` resources into terraform is not supported.\n","description_kind":"markdown"}},"clickhousedbops_grant_role":{"version":0,"block":{"attributes":{"admin_option":{"type":"bool","description":"If true, the grantee will be able to grant `role_name` to other `users` or `roles`.","description_kind":"plain","optional":true,"computed":true},"cluster_name":{"type":"string","description":"Name of the cluster to create the resource into. If omitted, resource will be created on the replica hit by the query.\nThis field must be left null when using a ClickHouse Cloud cluster.\nWhen using a self hosted ClickHouse instance, this field should only be set when there is more than one replica and you are not using 'replicated' storage for user_directory.\n","description_kind":"plain","optional":true},"grantee_role_name":{"type":"string","description":"Name of the `role` to grant `role_name` to.","description_kind":"plain","optional":true},"grantee_user_name":{"type":"string","description":"Name of the `user` to grant `role_name` to.","description_kind":"plain","optional":true},"role_name":{"type":"string","description":"Name of the role to be granted","description_kind":"plain","required":true}},"description":"You can use the `clickhousedbops_grant_role` resource to grant a `clickhousedbops_role` to either a `clickhousedbops_user` or to another `clickhousedbops_role`.\n\nKnown limitations:\n\n- It's not possible to grant the same `clickhousedbops_role` to both a `clickhousedbops_user` and a `clickhousedbops_role` using a single `clickhousedbops_grant_role` stanza. You can do that using two different stanzas, one with `grantee_user_name` and the other with `grantee_role_name` fields set.\n- Importing `clickhousedbops_grant_role` resources into terraform is not supported.\n","description_kind":"markdown"}},"clickhousedbops_role":{"version":0,"block":{"attributes":{"cluster_name":{"type":"string","description":"Name of the cluster to create the resource into. If omitted, resource will be created on the replica hit by the query.\nThis field must be left null when using a ClickHouse Cloud cluster.\nWhen using a self hosted ClickHouse instance, this field should only be set when there is more than one replica and you are not using 'replicated' storage for user_directory.\n","description_kind":"plain","optional":true},"id":{"type":"string","description":"The system-assigned ID for the role","description_kind":"plain","computed":true},"name":{"type":"string","description":"Name of the role","description_kind":"plain","required":true}},"description":"You can use the `clickhousedbops_role` resource to create a `role` in a `ClickHouse` instance.\n\n","description_kind":"markdown"}},"clickhousedbops_setting":{"version":0,"block":{"attributes":{"cluster_name":{"type":"string","description":"Name of the cluster to create the resource into. If omitted, resource will be created on the replica hit by the query.\nThis field must be left null when using a ClickHouse Cloud cluster.\nWhen using a self hosted ClickHouse instance, this field should only be set when there is more than one replica and you are not using 'replicated' storage for user_directory.\n","description_kind":"plain","optional":true},"max":{"type":"string","description":"Max Value for the setting","description_kind":"plain","optional":true},"min":{"type":"string","description":"Min Value for the setting","description_kind":"plain","optional":true},"name":{"type":"string","description":"Name of the setting","description_kind":"plain","required":true},"settings_profile_id":{"type":"string","description":"ID of the settings profile","description_kind":"plain","required":true},"timeouts":{"nested_type":{"attributes":{"create":{"type":"string","description":"A string that can be [parsed as a duration](https://pkg.go.dev/time#ParseDuration) consisting of numbers and unit suffixes, such as \"30s\" or \"2h45m\". Valid time units are \"s\" (seconds), \"m\" (minutes), \"h\" (hours).","description_kind":"plain","optional":true}},"nesting_mode":"single"},"description_kind":"plain","optional":true},"value":{"type":"string","description":"Value for the setting","description_kind":"plain","optional":true},"writability":{"type":"string","description":"Writability attribute for the setting","description_kind":"plain","optional":true}},"description":"You can use the `clickhousedbops_setting` resource to manage the single `settings` of a `Setting Profile` in a `ClickHouse` instance.\n\n","description_kind":"markdown"}},"clickhousedbops_settings_profile":{"version":0,"block":{"attributes":{"cluster_name":{"type":"string","description":"Name of the cluster to create the resource into. If omitted, resource will be created on the replica hit by the query.\nThis field must be left null when using a ClickHouse Cloud cluster.\nWhen using a self hosted ClickHouse instance, this field should only be set when there is more than one replica and you are not using 'replicated' storage for user_directory.\n","description_kind":"plain","optional":true},"id":{"type":"string","description":"ID of the settings profile","description_kind":"plain","computed":true},"inherit_from":{"type":["list","string"],"description":"List of setting profile names to inherit from","description_kind":"plain","optional":true},"name":{"type":"string","description":"Name of the settings profile","description_kind":"plain","required":true}},"description":"You can use the `clickhousedbops_settings_profile` resource to create a `Setting Profile` in a `ClickHouse` instance.\n\n","description_kind":"markdown"}},"clickhousedbops_settings_profile_association":{"version":0,"block":{"attributes":{"cluster_name":{"type":"string","description":"Name of the cluster to create the resource into. If omitted, resource will be created on the replica hit by the query.\nThis field must be left null when using a ClickHouse Cloud cluster.\nWhen using a self hosted ClickHouse instance, this field should only be set when there is more than one replica and you are not using 'replicated' storage for user_directory.\n","description_kind":"plain","optional":true},"role_id":{"type":"string","description":"ID of the SettingsProfileAssociation to associate the Settings profile to","description_kind":"plain","optional":true},"settings_profile_id":{"type":"string","description":"ID of the settings profile to associate","description_kind":"plain","required":true},"user_id":{"type":"string","description":"ID of the User to associate the Settings profile to","description_kind":"plain","optional":true}},"description":"You can use the `clickhousedbops_settings_profile_association` resource to associate a `settings_profile` to a `role` or `user` in a `ClickHouse` instance.\n\n","description_kind":"markdown"}},"clickhousedbops_user":{"version":0,"block":{"attributes":{"cluster_name":{"type":"string","description":"Name of the cluster to create the resource into. If omitted, resource will be created on the replica hit by the query.\nThis field must be left null when using a ClickHouse Cloud cluster.\nWhen using a self hosted ClickHouse instance, this field should only be set when there is more than one replica and you are not using 'replicated' storage for user_directory.\n","description_kind":"plain","optional":true},"host_ips":{"type":["set","string"],"description":"IP addresses from which the user is allowed to connect. If not specified, user can connect from any host.","description_kind":"plain","optional":true},"id":{"type":"string","description":"The system-assigned ID for the user","description_kind":"plain","computed":true},"name":{"type":"string","description":"Name of the user","description_kind":"plain","required":true},"password_sha256_hash":{"type":"string","description":"SHA256 hash of the password to be set for the user. Use this for Terraform/OpenTofu \u003c 1.11. Conflicts with password_sha256_hash_wo. Changes to this field will replace the user.","description_kind":"plain","deprecated":true,"optional":true,"sensitive":true},"password_sha256_hash_wo":{"type":"string","description":"SHA256 hash of the password to be set for the user. Use this for Terraform/OpenTofu \u003e= 1.11. Conflicts with password_sha256_hash.","description_kind":"plain","optional":true,"sensitive":true},"password_sha256_hash_wo_version":{"type":"number","description":"Version of the password_sha256_hash_wo field. Bump this value to require a force update of the password on the user.","description_kind":"plain","optional":true}},"description":"You can use the `clickhousedbops_user` resource to create a user in a `ClickHouse` instance.\n\n## Password Field Options\n\nThis resource supports two approaches for setting passwords:\n\n- **`password_sha256_hash_wo` and `password_sha256_hash_wo_version`**:  field uses the write-only pattern (not stored in state), so you must bump `password_sha256_hash_wo_version` to trigger password updates.\n- **`password_sha256_hash`**: Use this field for OpenTofu (version \u003c 1.11) compatibility. This field uses the standard `Sensitive` attribute and is stored in state, so OpenTofu can automatically detect password changes. Any change to this field will trigger resource replacement.\n\nYou must use either `password_sha256_hash_wo`/`password_sha256_hash_wo_version` pair\nOR `password_sha256_hash`, but not both.\n\nKnown limitations:\n\n- Changing the password will cause the database user to be deleted and recreated.\n- Changing `password_sha256_hash_wo` alone does not trigger an update. You must also bump `password_sha256_hash_wo_version`.\n- When importing an existing user, the `clickhousedbops_user` resource will be lacking the password or the `password_sha256_hash_wo_version`, and thus the subsequent apply will need to recreate the database User in order to set a password.\n","description_kind":"markdown"}}}}}}
