{"format_version":"1.0","provider_schemas":{"registry.terraform.io/clickhouse/clickhousedbops":{"provider":{"version":0,"block":{"attributes":{"auth_config":{"nested_type":{"attributes":{"password":{"type":"string","description":"The password to use to authenticate to ClickHouse","description_kind":"plain","optional":true},"strategy":{"type":"string","description":"The authentication method to use","description_kind":"plain","required":true},"username":{"type":"string","description":"The username to use to authenticate to ClickHouse","description_kind":"plain","required":true}},"nesting_mode":"single"},"description":"Authentication configuration","description_kind":"plain","required":true},"dial_timeout":{"type":"number","description":"Timeout in seconds for establishing connections to ClickHouse. Only applies to the native and nativesecure protocols. Useful when the ClickHouse instance takes time to start up from an idle state.","description_kind":"plain","optional":true},"host":{"type":"string","description":"The hostname to use to connect to the clickhouse instance","description_kind":"plain","required":true},"port":{"type":"number","description":"The port to use to connect to the clickhouse instance","description_kind":"plain","required":true},"protocol":{"type":"string","description":"The protocol to use to connect to clickhouse instance. Valid options are: native, nativesecure, http, https","description_kind":"plain","required":true},"read_after_write_timeout":{"type":"number","description":"Timeout in seconds for read-after-write verification of created resources. ClickHouse Cloud services with multiple replicas may need higher values due to replication lag. Defaults to 30.","description_kind":"plain","optional":true},"tls_config":{"nested_type":{"attributes":{"ca_cert":{"type":"string","description":"PEM-encoded CA certificate to use for TLS verification. When specified, only this CA will be trusted for server certificate validation.","description_kind":"plain","optional":true,"sensitive":true},"insecure_skip_verify":{"type":"bool","description":"Skip TLS cert verification when using the https protocol. This is insecure!","description_kind":"plain","optional":true}},"nesting_mode":"single"},"description":"TLS configuration options","description_kind":"plain","optional":true}},"description_kind":"plain"}},"resource_schemas":{"clickhousedbops_database":{"version":0,"block":{"attributes":{"cluster_name":{"type":"string","description":"Name of the cluster to create the database into. If omitted, the database will be created on the replica hit by the query.\nThis field must be left null when using a ClickHouse Cloud cluster.\nShould be set when hitting a cluster with more than one replica.","description_kind":"plain","optional":true},"comment":{"type":"string","description":"Comment associated with the database","description_kind":"plain","optional":true},"name":{"type":"string","description":"Name of the database","description_kind":"plain","required":true},"uuid":{"type":"string","description":"The system-assigned UUID for the database","description_kind":"plain","computed":true}},"description":"Use the *clickhousedbops_database* resource to create a database in a ClickHouse instance.\n\nKnown limitations:\n\n- Changing the comment on a `database` resource is unsupported and will cause the database to be destroyed and recreated. WARNING: you will lose any content of the database if you do so!\n\n","description_kind":"markdown"}},"clickhousedbops_grant_privilege":{"version":1,"block":{"attributes":{"access_object":{"type":"string","description":"The object the privilege applies to: a user/role name for USER_NAME/DEFINER-scoped privileges, or a source name (e.g. `S3`) for source READ/WRITE grants. Supports a trailing `*` prefix pattern.","description_kind":"plain","optional":true},"cluster_name":{"type":"string","description":"Name of the cluster to create the resource into. If omitted, resource will be created on the replica hit by the query.\nThis field must be left null when using a ClickHouse Cloud cluster.\nWhen using a self hosted ClickHouse instance, this field should only be set when there is more than one replica and you are not using 'replicated' storage for user_directory.\n","description_kind":"plain","optional":true},"column_name":{"type":"string","description":"The name of the column in `table_name` to grant privilege on.","description_kind":"plain","optional":true},"current_grants":{"type":"bool","description":"If true, emit `GRANT CURRENT GRANTS(...)` so the privilege is copied from the grantor's own grants instead of granted directly. Required on ClickHouse Cloud for broad privileges (e.g. `ALL`, or `SELECT` on `*.*`) that the admin user holds but cannot transfer directly. Note: the effective grants depend on what the grantor holds at apply time, so drift on a `current_grants` grant is not reconciled. On destroy the privilege is revoked in full from the grantee on the target.","description_kind":"plain","optional":true,"computed":true},"database_name":{"type":"string","description":"The name of the database to grant privilege on. Defaults to all databases if left null","description_kind":"plain","optional":true},"grant_option":{"type":"bool","description":"If true, the grantee will be able to grant the same privileges to others.","description_kind":"plain","optional":true,"computed":true},"grantee_role_name":{"type":"string","description":"Name of the `role` to grant privileges to.","description_kind":"plain","optional":true},"grantee_user_name":{"type":"string","description":"Name of the `user` to grant privileges to.","description_kind":"plain","optional":true},"privilege_name":{"type":"string","description":"The privilege to grant, such as `CREATE DATABASE`, `SELECT`, etc. See https://clickhouse.com/docs/en/sql-reference/statements/grant#privileges.","description_kind":"plain","required":true},"table_name":{"type":"string","description":"The name of the table to grant privilege on. Defaults to all tables if left null.","description_kind":"plain","optional":true}},"description":"You can use the `clickhousedbops_grant_privilege` resource to grant privileges on databases and tables to either a `clickhousedbops_user` or a `clickhousedbops_role`.\n\nPlease note that in order to grant privileges to all database and/or all tables, the `database` and/or `table` fields must be set to null, and not to \"*\".\n\nKnown limitations:\n\n- On ClickHouse Cloud some broad privileges (for example `ALL`, or `SELECT` on `*.*`) can't be granted directly, because the admin user holds them but can't transfer them. Set `current_grants = true` to grant them via `GRANT CURRENT GRANTS(...)`. See https://clickhouse.com/docs/en/sql-reference/statements/grant#all\n- It's not possible to grant privileges using their alias name. The canonical name must be used.\n- A group of privileges (such as `ALL`) can't be granted directly: grant each member of the group individually, or set `current_grants = true` to copy the group from the grantor.\n- It's not possible to grant the same `clickhousedbops_grant_privilege` to both a `clickhousedbops_user` and a `clickhousedbops_role` using a single `clickhousedbops_grant_privilege` stanza. You can do that using two different stanzas, one with `grantee_user_name` and the other with `grantee_role_name` fields set.\n- It's not possible to grant the same privilege (example 'SELECT') to multiple entities (for example tables) with a single stanza. You can do that my creating one stanza for each entity you want to grant privileges on.\n- Importing `clickhousedbops_grant_privilege` resources into terraform is not supported.\n","description_kind":"markdown"}},"clickhousedbops_grant_role":{"version":0,"block":{"attributes":{"admin_option":{"type":"bool","description":"If true, the grantee will be able to grant `role_name` to other `users` or `roles`.","description_kind":"plain","optional":true,"computed":true},"cluster_name":{"type":"string","description":"Name of the cluster to create the resource into. If omitted, resource will be created on the replica hit by the query.\nThis field must be left null when using a ClickHouse Cloud cluster.\nWhen using a self hosted ClickHouse instance, this field should only be set when there is more than one replica and you are not using 'replicated' storage for user_directory.\n","description_kind":"plain","optional":true},"grantee_role_name":{"type":"string","description":"Name of the `role` to grant `role_name` to.","description_kind":"plain","optional":true},"grantee_user_name":{"type":"string","description":"Name of the `user` to grant `role_name` to.","description_kind":"plain","optional":true},"role_name":{"type":"string","description":"Name of the role to be granted","description_kind":"plain","required":true}},"description":"You can use the `clickhousedbops_grant_role` resource to grant a `clickhousedbops_role` to either a `clickhousedbops_user` or to another `clickhousedbops_role`.\n\nKnown limitations:\n\n- It's not possible to grant the same `clickhousedbops_role` to both a `clickhousedbops_user` and a `clickhousedbops_role` using a single `clickhousedbops_grant_role` stanza. You can do that using two different stanzas, one with `grantee_user_name` and the other with `grantee_role_name` fields set.\n- Importing `clickhousedbops_grant_role` resources into terraform is not supported.\n","description_kind":"markdown"}},"clickhousedbops_masking_policy":{"version":0,"block":{"attributes":{"database_name":{"type":"string","description":"The database of the table the masking policy applies to. Must be a concrete name; wildcards (`*`) are not supported.","description_kind":"plain","required":true},"grantee_all_except":{"type":["set","string"],"description":"Apply the masking policy to all users and roles, excluding those listed. An empty set applies to everyone with no exclusions.","description_kind":"plain","optional":true},"grantee_names":{"type":["set","string"],"description":"Set of user or role names the masking policy applies to. ClickHouse resolves each name to a user before a role, so users and roles are not distinguished here.","description_kind":"plain","optional":true},"id":{"type":"string","description":"The system-assigned ID for the masking policy.","description_kind":"plain","computed":true},"masks":{"type":["map","string"],"description":"Map of column name to the ClickHouse expression that replaces it (the `UPDATE column = expression` clause). The expression is interpolated verbatim, e.g. `'** redacted **'` or `concat(splitByChar('.', clientIp)[1], '.x.x')`.","description_kind":"plain","required":true},"name":{"type":"string","description":"The name of the masking policy.","description_kind":"plain","required":true},"priority":{"type":"number","description":"Optional priority. When several policies touch the same column, they are applied from highest to lowest priority. Must be non-negative. Defaults to 0.","description_kind":"plain","optional":true,"computed":true},"table_name":{"type":"string","description":"The table the masking policy applies to. Must be a concrete name; wildcards (`*`) are not supported.","description_kind":"plain","required":true},"where_expression":{"type":"string","description":"Optional `WHERE` condition; the columns are only masked for rows matching it. For example `ownerId NOT IN ('team_a', 'team_b')`.","description_kind":"plain","optional":true}},"description":"You can use the `clickhousedbops_masking_policy` resource to manage a [masking policy](https://clickhouse.com/docs/cloud/guides/data-masking) on a ClickHouse table.\n\nA masking policy rewrites the listed columns for the grantees named in the policy, optionally only for the rows matching `where_expression`. Use it to hide PII or secrets from a role while leaving the underlying data untouched.\n\n~\u003e **ClickHouse Cloud only**: masking policies are only available on ClickHouse Cloud (version 25.12+) and the feature must be enabled for the service. Open-source ClickHouse rejects the DDL.\n\nResource can be imported by `id` or the `\u003cdatabase\u003e.\u003ctable\u003e.\u003cname\u003e` triple.\n\n## Grantees\n\nA policy applies either to a specific set of grantees or to everyone. Set exactly one of:\n\n- `grantee_names`: a list of user and role names. ClickHouse stores these as one untyped list and resolves each name to a user before a role, so users and roles are not distinguished here.\n- `grantee_all_except`: apply to all users and roles, excluding the ones listed. An empty set (`[]`) applies to everyone with no exclusions.\n","description_kind":"markdown"}},"clickhousedbops_role":{"version":0,"block":{"attributes":{"cluster_name":{"type":"string","description":"Name of the cluster to create the resource into. If omitted, resource will be created on the replica hit by the query.\nThis field must be left null when using a ClickHouse Cloud cluster.\nWhen using a self hosted ClickHouse instance, this field should only be set when there is more than one replica and you are not using 'replicated' storage for user_directory.\n","description_kind":"plain","optional":true},"id":{"type":"string","description":"The system-assigned ID for the role","description_kind":"plain","computed":true},"name":{"type":"string","description":"Name of the role","description_kind":"plain","required":true}},"description":"You can use the `clickhousedbops_role` resource to create a `role` in a `ClickHouse` instance.\n\n","description_kind":"markdown"}},"clickhousedbops_row_policy":{"version":0,"block":{"attributes":{"cluster_name":{"type":"string","description":"Name of the cluster to create the resource into. If omitted, resource will be created on the replica hit by the query.\nThis field must be left null when using a ClickHouse Cloud cluster.\n","description_kind":"plain","optional":true},"database_name":{"type":"string","description":"The database of the table to apply the row policy to. Must be a concrete name; wildcards (`*`) are not supported.","description_kind":"plain","required":true},"grantee_all_except":{"type":["set","string"],"description":"Apply the row policy to all users and roles, excluding those listed. An empty set applies to everyone with no exclusions.","description_kind":"plain","optional":true},"grantee_names":{"type":["set","string"],"description":"Set of user or role names the row policy applies to. ClickHouse stores these as one untyped grantee list and resolves each name to a user before a role, so users and roles are not distinguished here.","description_kind":"plain","optional":true},"id":{"type":"string","description":"The system-assigned ID for the row policy.","description_kind":"plain","computed":true},"is_restrictive":{"type":"bool","description":"If true, the policy is restrictive (AND logic). If false (default), the policy is permissive (OR logic).","description_kind":"plain","optional":true,"computed":true},"name":{"type":"string","description":"The name of the row policy.","description_kind":"plain","required":true},"select_filter":{"type":"string","description":"The filter expression used in the USING clause. For example: `tenant_id = 'abc'`.","description_kind":"plain","required":true},"table_name":{"type":"string","description":"The table to apply the row policy to. Must be a concrete name; wildcards (`*`) are not supported.","description_kind":"plain","required":true}},"description":"Manages a ClickHouse row policy, which restricts the rows a user or role can access when querying a table.\n\n~\u003e **Important:** When a row policy is created on a table, **all** users and roles without a matching policy will see zero rows from that table. You must create an additional permissive policy (e.g. `USING 1` to `ALL EXCEPT ...`) for any users or roles that should retain full access.\n\nResource can be imported by `id` or `\u003cdatabase\u003e.\u003ctable\u003e.\u003cshort_name\u003e` triple.\n\n## Grantees\n\nA policy applies either to a specific set of grantees or to everyone. Set exactly one of:\n\n- `grantee_names`: a list of user and role names. ClickHouse stores these as one untyped list and resolves each name to a user before a role, so users and roles are not distinguished here.\n- `grantee_all_except`: apply to all users and roles, excluding the ones listed. An empty set (`[]`) applies to everyone with no exclusions.\n\n## Example Usage\n\n```hcl\nresource \"clickhousedbops_user\" \"user_a\" {\n  name                 = \"user-a\"\n  password_sha256_hash = var.user_a_password_hash\n}\n\nresource \"clickhousedbops_grant_privilege\" \"user_a_select\" {\n  privilege_name    = \"SELECT\"\n  database_name     = \"logs\"\n  table_name        = \"example_table\"\n  grantee_user_name = clickhousedbops_user.user_a.name\n}\n\nresource \"clickhousedbops_row_policy\" \"user_a_policy\" {\n  name          = \"user_a_policy\"\n  database_name = \"logs\"\n  table_name    = \"example_table\"\n  select_filter = \"user_id = 'a'\"\n  grantee_names = [clickhousedbops_user.user_a.name]\n}\n\n# Permissive policy for admin users to retain full access\nresource \"clickhousedbops_row_policy\" \"admin_full_access\" {\n  name          = \"admin_full_access\"\n  database_name = \"logs\"\n  table_name    = \"example_table\"\n  select_filter = \"1\"\n  grantee_names = [\"admin\"]\n}\n\n# Apply to everyone except user_a (an empty grantee_all_except set applies to everyone)\nresource \"clickhousedbops_row_policy\" \"all_except_user_a\" {\n  name               = \"all_except_user_a\"\n  database_name      = \"logs\"\n  table_name         = \"example_table\"\n  select_filter      = \"1\"\n  grantee_all_except = [clickhousedbops_user.user_a.name]\n}\n```\n","description_kind":"markdown"}},"clickhousedbops_setting":{"version":0,"block":{"attributes":{"cluster_name":{"type":"string","description":"Name of the cluster to create the resource into. If omitted, resource will be created on the replica hit by the query.\nThis field must be left null when using a ClickHouse Cloud cluster.\nWhen using a self hosted ClickHouse instance, this field should only be set when there is more than one replica and you are not using 'replicated' storage for user_directory.\n","description_kind":"plain","optional":true},"max":{"type":"string","description":"Max Value for the setting","description_kind":"plain","optional":true},"min":{"type":"string","description":"Min Value for the setting","description_kind":"plain","optional":true},"name":{"type":"string","description":"Name of the setting","description_kind":"plain","required":true},"settings_profile_id":{"type":"string","description":"ID of the settings profile","description_kind":"plain","required":true},"timeouts":{"nested_type":{"attributes":{"create":{"type":"string","description":"A string that can be [parsed as a duration](https://pkg.go.dev/time#ParseDuration) consisting of numbers and unit suffixes, such as \"30s\" or \"2h45m\". Valid time units are \"s\" (seconds), \"m\" (minutes), \"h\" (hours).","description_kind":"plain","optional":true}},"nesting_mode":"single"},"description_kind":"plain","optional":true},"value":{"type":"string","description":"Value for the setting","description_kind":"plain","optional":true},"writability":{"type":"string","description":"Writability attribute for the setting","description_kind":"plain","optional":true}},"description":"You can use the `clickhousedbops_setting` resource to manage the single `settings` of a `Setting Profile` in a `ClickHouse` instance.\n\n","description_kind":"markdown"}},"clickhousedbops_settings_profile":{"version":0,"block":{"attributes":{"cluster_name":{"type":"string","description":"Name of the cluster to create the resource into. If omitted, resource will be created on the replica hit by the query.\nThis field must be left null when using a ClickHouse Cloud cluster.\nWhen using a self hosted ClickHouse instance, this field should only be set when there is more than one replica and you are not using 'replicated' storage for user_directory.\n","description_kind":"plain","optional":true},"id":{"type":"string","description":"ID of the settings profile","description_kind":"plain","computed":true},"inherit_from":{"type":["list","string"],"description":"List of setting profile names to inherit from","description_kind":"plain","optional":true},"name":{"type":"string","description":"Name of the settings profile","description_kind":"plain","required":true}},"description":"You can use the `clickhousedbops_settings_profile` resource to create a `Setting Profile` in a `ClickHouse` instance.\n\n","description_kind":"markdown"}},"clickhousedbops_settings_profile_association":{"version":0,"block":{"attributes":{"cluster_name":{"type":"string","description":"Name of the cluster to create the resource into. If omitted, resource will be created on the replica hit by the query.\nThis field must be left null when using a ClickHouse Cloud cluster.\nWhen using a self hosted ClickHouse instance, this field should only be set when there is more than one replica and you are not using 'replicated' storage for user_directory.\n","description_kind":"plain","optional":true},"role_id":{"type":"string","description":"ID of the SettingsProfileAssociation to associate the Settings profile to","description_kind":"plain","optional":true},"settings_profile_id":{"type":"string","description":"ID of the settings profile to associate","description_kind":"plain","required":true},"user_id":{"type":"string","description":"ID of the User to associate the Settings profile to","description_kind":"plain","optional":true}},"description":"You can use the `clickhousedbops_settings_profile_association` resource to associate a `settings_profile` to a `role` or `user` in a `ClickHouse` instance.\n\n","description_kind":"markdown"}},"clickhousedbops_user":{"version":0,"block":{"attributes":{"cluster_name":{"type":"string","description":"Name of the cluster to create the resource into. If omitted, resource will be created on the replica hit by the query.\nThis field must be left null when using a ClickHouse Cloud cluster.\nWhen using a self hosted ClickHouse instance, this field should only be set when there is more than one replica and you are not using 'replicated' storage for user_directory.\n","description_kind":"plain","optional":true},"host_ips":{"type":["set","string"],"description":"IP addresses from which the user is allowed to connect. If not specified, user can connect from any host.","description_kind":"plain","optional":true},"id":{"type":"string","description":"The system-assigned ID for the user","description_kind":"plain","computed":true},"name":{"type":"string","description":"Name of the user","description_kind":"plain","required":true},"password_sha256_hash":{"type":"string","description":"SHA256 hash of the password to be set for the user. Use this for Terraform/OpenTofu \u003c 1.11. Conflicts with password_sha256_hash_wo. Changes to this field will replace the user.","description_kind":"plain","deprecated":true,"optional":true,"sensitive":true},"password_sha256_hash_wo":{"type":"string","description":"SHA256 hash of the password to be set for the user. Use this for Terraform/OpenTofu \u003e= 1.11. Conflicts with password_sha256_hash.","description_kind":"plain","deprecated":true,"optional":true,"sensitive":true},"password_sha256_hash_wo_version":{"type":"number","description":"Version of the password_sha256_hash_wo field. Bump this value to require a force update of the password on the user.","description_kind":"plain","deprecated":true,"optional":true}},"block_types":{"auth":{"nesting_mode":"single","block":{"block_types":{"bcrypt_hash":{"nesting_mode":"list","block":{"attributes":{"value":{"type":"string","description":"Authentication value stored in state. Use for Terraform/OpenTofu \u003c 1.11. Exactly one of value or value_wo.","description_kind":"plain","optional":true,"sensitive":true},"value_wo":{"type":"string","description":"Write-only authentication value, not stored in state. Use for Terraform/OpenTofu \u003e= 1.11.","description_kind":"plain","optional":true,"sensitive":true},"value_wo_version":{"type":"number","description":"Version of value_wo. Bump to re-apply the write-only value.","description_kind":"plain","optional":true}},"description":"Bcrypt hash authentication.","description_kind":"plain"}},"bcrypt_password":{"nesting_mode":"list","block":{"attributes":{"value":{"type":"string","description":"Authentication value stored in state. Use for Terraform/OpenTofu \u003c 1.11. Exactly one of value or value_wo.","description_kind":"plain","optional":true,"sensitive":true},"value_wo":{"type":"string","description":"Write-only authentication value, not stored in state. Use for Terraform/OpenTofu \u003e= 1.11.","description_kind":"plain","optional":true,"sensitive":true},"value_wo_version":{"type":"number","description":"Version of value_wo. Bump to re-apply the write-only value.","description_kind":"plain","optional":true}},"description":"Bcrypt password authentication.","description_kind":"plain"}},"double_sha1_hash":{"nesting_mode":"list","block":{"attributes":{"value":{"type":"string","description":"Authentication value stored in state. Use for Terraform/OpenTofu \u003c 1.11. Exactly one of value or value_wo.","description_kind":"plain","optional":true,"sensitive":true},"value_wo":{"type":"string","description":"Write-only authentication value, not stored in state. Use for Terraform/OpenTofu \u003e= 1.11.","description_kind":"plain","optional":true,"sensitive":true},"value_wo_version":{"type":"number","description":"Version of value_wo. Bump to re-apply the write-only value.","description_kind":"plain","optional":true}},"description":"Double SHA1 hash authentication.","description_kind":"plain"}},"double_sha1_password":{"nesting_mode":"list","block":{"attributes":{"value":{"type":"string","description":"Authentication value stored in state. Use for Terraform/OpenTofu \u003c 1.11. Exactly one of value or value_wo.","description_kind":"plain","optional":true,"sensitive":true},"value_wo":{"type":"string","description":"Write-only authentication value, not stored in state. Use for Terraform/OpenTofu \u003e= 1.11.","description_kind":"plain","optional":true,"sensitive":true},"value_wo_version":{"type":"number","description":"Version of value_wo. Bump to re-apply the write-only value.","description_kind":"plain","optional":true}},"description":"Double SHA1 password authentication.","description_kind":"plain"}},"http":{"nesting_mode":"list","block":{"attributes":{"scheme":{"type":"string","description":"HTTP authentication scheme (e.g. Basic).","description_kind":"plain","optional":true},"server":{"type":"string","description":"HTTP authentication server name.","description_kind":"plain","optional":true}},"description":"HTTP authentication. Exactly one of server or scheme.","description_kind":"plain"}},"kerberos":{"nesting_mode":"list","block":{"attributes":{"realm":{"type":"string","description":"Optional Kerberos realm to restrict authentication to.","description_kind":"plain","optional":true}},"description":"Kerberos authentication.","description_kind":"plain"}},"ldap":{"nesting_mode":"list","block":{"attributes":{"server":{"type":"string","description":"LDAP server name (as defined in ClickHouse config).","description_kind":"plain","required":true}},"description":"LDAP authentication.","description_kind":"plain"}},"no_password":{"nesting_mode":"single","block":{"description":"Passwordless authentication. Cannot be combined with any other method.","description_kind":"plain"}},"plaintext_password":{"nesting_mode":"list","block":{"attributes":{"value":{"type":"string","description":"Authentication value stored in state. Use for Terraform/OpenTofu \u003c 1.11. Exactly one of value or value_wo.","description_kind":"plain","optional":true,"sensitive":true},"value_wo":{"type":"string","description":"Write-only authentication value, not stored in state. Use for Terraform/OpenTofu \u003e= 1.11.","description_kind":"plain","optional":true,"sensitive":true},"value_wo_version":{"type":"number","description":"Version of value_wo. Bump to re-apply the write-only value.","description_kind":"plain","optional":true}},"description":"Plaintext password authentication.","description_kind":"plain"}},"sha256_hash":{"nesting_mode":"list","block":{"attributes":{"salt":{"type":"string","description":"Optional salt used with the sha256 hash.","description_kind":"plain","optional":true},"value":{"type":"string","description":"Authentication value stored in state. Use for Terraform/OpenTofu \u003c 1.11. Exactly one of value or value_wo.","description_kind":"plain","optional":true,"sensitive":true},"value_wo":{"type":"string","description":"Write-only authentication value, not stored in state. Use for Terraform/OpenTofu \u003e= 1.11.","description_kind":"plain","optional":true,"sensitive":true},"value_wo_version":{"type":"number","description":"Version of value_wo. Bump to re-apply the write-only value.","description_kind":"plain","optional":true}},"description":"SHA256 hash authentication.","description_kind":"plain"}},"sha256_password":{"nesting_mode":"list","block":{"attributes":{"value":{"type":"string","description":"Authentication value stored in state. Use for Terraform/OpenTofu \u003c 1.11. Exactly one of value or value_wo.","description_kind":"plain","optional":true,"sensitive":true},"value_wo":{"type":"string","description":"Write-only authentication value, not stored in state. Use for Terraform/OpenTofu \u003e= 1.11.","description_kind":"plain","optional":true,"sensitive":true},"value_wo_version":{"type":"number","description":"Version of value_wo. Bump to re-apply the write-only value.","description_kind":"plain","optional":true}},"description":"SHA256 password authentication (ClickHouse computes the hash).","description_kind":"plain"}},"ssh_key":{"nesting_mode":"list","block":{"attributes":{"public_key":{"type":"string","description":"SSH public key.","description_kind":"plain","required":true},"type":{"type":"string","description":"SSH key type (e.g. ssh-rsa, ssh-ed25519).","description_kind":"plain","required":true}},"description":"SSH key authentication.","description_kind":"plain"}},"ssl_certificate":{"nesting_mode":"list","block":{"attributes":{"common_name":{"type":"string","description":"Certificate Common Name (CN).","description_kind":"plain","optional":true},"subject_alt_name":{"type":"string","description":"Certificate Subject Alternative Name (SAN).","description_kind":"plain","optional":true}},"description":"SSL certificate authentication. Exactly one of common_name or subject_alt_name.","description_kind":"plain"}}},"description":"Authentication methods for the user. Methods may be combined and each block (except no_password) may be repeated.","description_kind":"plain"}}},"description":"You can use the `clickhousedbops_user` resource to create a user in a `ClickHouse` instance.\n\n## Authentication\n\nUse the `auth` block to configure the user's authentication. ClickHouse supports combining several\nmethods, so `auth` may contain multiple method blocks, and every method block except `no_password`\nmay be repeated:\n\n```terraform\nresource \"clickhousedbops_user\" \"example\" {\n  name = \"example\"\n\n  auth {\n    sha256_hash {\n      value_wo         = sha256(\"changeme\")\n      value_wo_version = 1\n    }\n    ssl_certificate {\n      common_name = \"example-service\"\n    }\n  }\n}\n```\n\nSupported method blocks: `no_password`, `plaintext_password`, `sha256_password`, `sha256_hash`,\n`double_sha1_password`, `double_sha1_hash`, `bcrypt_password`, `bcrypt_hash`, `ssl_certificate`\n(`common_name` or `subject_alt_name`), `http` (`server` or `scheme`), `ssh_key` (`public_key` +\n`type`), `ldap` (`server`) and `kerberos` (optional `realm`).\n\n- At least one authentication method must be configured.\n\n- `no_password` is exclusive — it cannot be combined with any other method.\n\n- The password/hash methods take a secret value; set exactly one of:\n\n  - `value_wo` (with `value_wo_version`): write-only, never stored in state (Terraform/OpenTofu \u003e= 1.11).\n    Bump `value_wo_version` to re-apply the value.\n\n  - `value`: stored in state, for Terraform/OpenTofu \u003c 1.11.\n\n## Legacy password fields (deprecated)\n\n`password_sha256_hash` / `password_sha256_hash_wo` (with `password_sha256_hash_wo_version`) are kept\nfor backwards compatibility and behave as a single `sha256_hash` method. They compose additively with\nthe `auth` block, so existing configurations keep working — but prefer the `auth.sha256_hash` block\nfor new ones. Changing a legacy password field replaces the user.\n\nKnown limitations:\n\n- Authentication values cannot be read back from ClickHouse, so external drift of a secret is not\n  detected; bump the relevant `*_version` to force a re-apply of a write-only value.\n\n- Changing a write-only value alone does not trigger an update — you must also bump its `*_version`.\n\n- On import only the user identity is read; the configured authentication methods are re-asserted from\n  configuration on the next apply.\n","description_kind":"markdown"}}}}}}
